// !$*UTF8*$!
{
	archiveVersion = 1;
	classes = {
	};
	objectVersion = 50;
	objects = {

/* Begin PBXBuildFile section */
		C7AD47C1212697D900B5D4E6 /* AppDelegate.m in Sources */ = {isa = PBXBuildFile; fileRef = C7AD47C0212697D900B5D4E6 /* AppDelegate.m */; };
		C7AD47C4212697D900B5D4E6 /* ViewController.m in Sources */ = {isa = PBXBuildFile; fileRef = C7AD47C3212697D900B5D4E6 /* ViewController.m */; };
		C7AD47C7212697D900B5D4E6 /* Main.storyboard in Resources */ = {isa = PBXBuildFile; fileRef = C7AD47C5212697D900B5D4E6 /* Main.storyboard */; };
		C7AD47C9212697DA00B5D4E6 /* Assets.xcassets in Resources */ = {isa = PBXBuildFile; fileRef = C7AD47C8212697DA00B5D4E6 /* Assets.xcassets */; };
		C7AD47CC212697DA00B5D4E6 /* LaunchScreen.storyboard in Resources */ = {isa = PBXBuildFile; fileRef = C7AD47CA212697DA00B5D4E6 /* LaunchScreen.storyboard */; };
		C7AD47CF212697DA00B5D4E6 /* main.m in Sources */ = {isa = PBXBuildFile; fileRef = C7AD47CE212697DA00B5D4E6 /* main.m */; };
/* End PBXBuildFile section */

/* Begin PBXFileReference section */
		C7AD47BC212697D800B5D4E6 /* LNKeyBoardManager.app */ = {isa = PBXFileReference; explicitFileType = wrapper.application; includeInIndex = 0; path = LNKeyBoardManager.app; sourceTree = BUILT_PRODUCTS_DIR; };
		C7AD47BF212697D900B5D4E6 /* AppDelegate.h */ = {isa = PBXFileReference; lastKnownFileType = sourcecode.c.h; path = AppDelegate.h; sourceTree = "<group>"; };
		C7AD47C0212697D900B5D4E6 /* AppDelegate.m */ = {isa = PBXFileReference; lastKnownFileType = sourcecode.c.objc; path = AppDelegate.m; sourceTree = "<group>"; };
		C7AD47C2212697D900B5D4E6 /* ViewController.h */ = {isa = PBXFileReference; lastKnownFileType = sourcecode.c.h; path = ViewController.h; sourceTree = "<group>"; };
		C7AD47C3212697D900B5D4E6 /* ViewController.m */ = {isa = PBXFileReference; lastKnownFileType = sourcecode.c.objc; path = ViewController.m; sourceTree = "<group>"; };
		C7AD47C6212697D900B5D4E6 /* Base */ = {isa = PBXFileReference; lastKnownFileType = file.storyboard; name = Base; path = Base.lproj/Main.storyboard; sourceTree = "<group>"; };
		C7AD47C8212697DA00B5D4E6 /* Assets.xcassets */ = {isa = PBXFileReference; lastKnownFileType = folder.assetcatalog; path = Assets.xcassets; sourceTree = "<group>"; };
		C7AD47CB212697DA00B5D4E6 /* Base */ = {isa = PBXFileReference; lastKnownFileType = file.storyboard; name = Base; path = Base.lproj/LaunchScreen.storyboard; sourceTree = "<group>"; };
		C7AD47CD212697DA00B5D4E6 /* Info.plist */ = {isa = PBXFileReference; lastKnownFileType = text.plist.xml; path = Info.plist; sourceTree = "<group>"; };
		C7AD47CE212697DA00B5D4E6 /* main.m */ = {isa = PBXFileReference; lastKnownFileType = sourcecode.c.objc; path = main.m; sourceTree = "<group>"; };
/* End PBXFileReference section */

/* Begin PBXFrameworksBuildPhase section */
		C7AD47B9212697D800B5D4E6 /* Frameworks */ = {
			isa = PBXFrameworksBuildPhase;
			buildActionMask = 2147483647;
			files = (
			);
			runOnlyForDeploymentPostprocessing = 0;
		};
/* End PBXFrameworksBuildPhase section */

/* Begin PBXGroup section */
		C7AD47B3212697D800B5D4E6 = {
			isa = PBXGroup;
			children = (
				C7AD47BE212697D800B5D4E6 /* LNKeyBoardManager */,
				C7AD47BD212697D800B5D4E6 /* Products */,
			);
			sourceTree = "<group>";
		};
		C7AD47BD212697D800B5D4E6 /* Products */ = {
			isa = PBXGroup;
			children = (
				C7AD47BC212697D800B5D4E6 /* LNKeyBoardManager.app */,
			);
			name = Products;
			sourceTree = "<group>";
		};
		C7AD47BE212697D800B5D4E6 /* LNKeyBoardManager */ = {
			isa = PBXGroup;
			children = (
				C7AD47BF212697D900B5D4E6 /* AppDelegate.h */,
				C7AD47C0212697D900B5D4E6 /* AppDelegate.m */,
				C7AD47C2212697D900B5D4E6 /* ViewController.h */,
				C7AD47C3212697D900B5D4E6 /* ViewController.m */,
				C7AD47C5212697D900B5D4E6 /* Main.storyboard */,
				C7AD47C8212697DA00B5D4E6 /* Assets.xcassets */,
				C7AD47CA212697DA00B5D4E6 /* LaunchScreen.storyboard */,
				C7AD47CD212697DA00B5D4E6 /* Info.plist */,
				C7AD47CE212697DA00B5D4E6 /* main.m */,
			);
			path = LNKeyBoardManager;
			sourceTree = "<group>";
		};
/* End PBXGroup section */

/* Begin PBXNativeTarget section */
		C7AD47BB212697D800B5D4E6 /* LNKeyBoardManager */ = {
			isa = PBXNativeTarget;
			buildConfigurationList = C7AD47D2212697DA00B5D4E6 /* Build configuration list for PBXNativeTarget "LNKeyBoardManager" */;
			buildPhases = (
				C7AD47B8212697D800B5D4E6 /* Sources */,
				C7AD47B9212697D800B5D4E6 /* Frameworks */,
				C7AD47BA212697D800B5D4E6 /* Resources */,
			);
			buildRules = (
			);
			dependencies = (
			);
			name = LNKeyBoardManager;
			productName = LNKeyBoardManager;
			productReference = C7AD47BC212697D800B5D4E6 /* LNKeyBoardManager.app */;
			productType = "com.apple.product-type.application";
		};
/* End PBXNativeTarget section */

/* Begin PBXProject section */
		C7AD47B4212697D800B5D4E6 /* Project object */ = {
			isa = PBXProject;
			attributes = {
				LastUpgradeCheck = 0940;
				ORGANIZATIONNAME = "刘宁";
				TargetAttributes = {
					C7AD47BB212697D800B5D4E6 = {
						CreatedOnToolsVersion = 9.4;
					};
				};
			};
			buildConfigurationList = C7AD47B7212697D800B5D4E6 /* Build configuration list for PBXProject "LNKeyBoardManager" */;
			compatibilityVersion = "Xcode 9.3";
			developmentRegion = en;
			hasScannedForEncodings = 0;
			knownRegions = (
				en,
				Base,
			);
			mainGroup = C7AD47B3212697D800B5D4E6;
			productRefGroup = C7AD47BD212697D800B5D4E6 /* Products */;
			projectDirPath = "";
			projectRoot = "";
			targets = (
				C7AD47BB212697D800B5D4E6 /* LNKeyBoardManager */,
			);
		};
/* End PBXProject section */

/* Begin PBXResourcesBuildPhase section */
		C7AD47BA212697D800B5D4E6 /* Resources */ = {
			isa = PBXResourcesBuildPhase;
			buildActionMask = 2147483647;
			files = (
				C7AD47CC212697DA00B5D4E6 /* LaunchScreen.storyboard in Resources */,
				C7AD47C9212697DA00B5D4E6 /* Assets.xcassets in Resources */,
				C7AD47C7212697D900B5D4E6 /* Main.storyboard in Resources */,
			);
			runOnlyForDeploymentPostprocessing = 0;
		};
/* End PBXResourcesBuildPhase section */

/* Begin PBXSourcesBuildPhase section */
		C7AD47B8212697D800B5D4E6 /* Sources */ = {
			isa = PBXSourcesBuildPhase;
			buildActionMask = 2147483647;
			files = (
				C7AD47C4212697D900B5D4E6 /* ViewController.m in Sources */,
				C7AD47CF212697DA00B5D4E6 /* main.m in Sources */,
				C7AD47C1212697D900B5D4E6 /* AppDelegate.m in Sources */,
			);
			runOnlyForDeploymentPostprocessing = 0;
		};
/* End PBXSourcesBuildPhase section */

/* Begin PBXVariantGroup section */
		C7AD47C5212697D900B5D4E6 /* Main.storyboard */ = {
			isa = PBXVariantGroup;
			children = (
				C7AD47C6212697D900B5D4E6 /* Base */,
			);
			name = Main.storyboard;
			sourceTree = "<group>";
		};
		C7AD47CA212697DA00B5D4E6 /* LaunchScreen.storyboard */ = {
			isa = PBXVariantGroup;
			children = (
				C7AD47CB212697DA00B5D4E6 /* Base */,
			);
			name = LaunchScreen.storyboard;
			sourceTree = "<group>";
		};
/* End PBXVariantGroup section */

/* Begin XCBuildConfiguration section */
		C7AD47D0212697DA00B5D4E6 /* Debug */ = {
			isa = XCBuildConfiguration;
			buildSettings = {
				ALWAYS_SEARCH_USER_PATHS = NO;
				CLANG_ANALYZER_NONNULL = YES;
				CLANG_ANALYZER_NUMBER_OBJECT_CONVERSION = YES_AGGRESSIVE;
				CLANG_CXX_LANGUAGE_STANDARD = "gnu++14";
				CLANG_CXX_LIBRARY = "libc++";
				CLANG_ENABLE_MODULES = YES;
				CLANG_ENABLE_OBJC_ARC = YES;
				CLANG_ENABLE_OBJC_WEAK = YES;
				CLANG_WARN_BLOCK_CAPTURE_AUTORELEASING = YES;
				CLANG_WARN_BOOL_CONVERSION = YES;
				CLANG_WARN_COMMA = YES;
				CLANG_WARN_CONSTANT_CONVERSION = YES;
				CLANG_WARN_DEPRECATED_OBJC_IMPLEMENTATIONS = YES;
				CLANG_WARN_DIRECT_OBJC_ISA_USAGE = YES_ERROR;
				CLANG_WARN_DOCUMENTATION_COMMENTS = YES;
				CLANG_WARN_EMPTY_BODY = YES;
				CLANG_WARN_ENUM_CONVERSION = YES;
				CLANG_WARN_INFINITE_RECURSION = YES;
				CLANG_WARN_INT_CONVERSION = YES;
				CLANG_WARN_NON_LITERAL_NULL_CONVERSION = YES;
				CLANG_WARN_OBJC_IMPLICIT_RETAIN_SELF = YES;
				CLANG_WARN_OBJC_LITERAL_CONVERSION = YES;
				CLANG_WARN_OBJC_ROOT_CLASS = YES_ERROR;
				CLANG_WARN_RANGE_LOOP_ANALYSIS = YES;
				CLANG_WARN_STRICT_PROTOTYPES = YES;
				CLANG_WARN_SUSPICIOUS_MOVE = YES;
				CLANG_WARN_UNGUARDED_AVAILABILITY = YES_AGGRESSIVE;
				CLANG_WARN_UNREACHABLE_CODE = YES;
				CLANG_WARN__DUPLICATE_METHOD_MATCH = YES;
				CODE_SIGN_IDENTITY = "iPhone Developer";
				COPY_PHASE_STRIP = NO;
				DEBUG_INFORMATION_FORMAT = dwarf;
				ENABLE_STRICT_OBJC_MSGSEND = YES;
				ENABLE_TESTABILITY = YES;
				GCC_C_LANGUAGE_STANDARD = gnu11;
				GCC_DYNAMIC_NO_PIC = NO;
				GCC_NO_COMMON_BLOCKS = YES;
				GCC_OPTIMIZATION_LEVEL = 0;
				GCC_PREPROCESSOR_DEFINITIONS = (
					"DEBUG=1",
					"$(inherited)",
				);
				GCC_WARN_64_TO_32_BIT_CONVERSION = YES;
				GCC_WARN_ABOUT_RETURN_TYPE = YES_ERROR;
				GCC_WARN_UNDECLARED_SELECTOR = YES;
				GCC_WARN_UNINITIALIZED_AUTOS = YES_AGGRESSIVE;
				GCC_WARN_UNUSED_FUNCTION = YES;
				GCC_WARN_UNUSED_VARIABLE = YES;
				IPHONEOS_DEPLOYMENT_TARGET = 11.4;
				MTL_ENABLE_DEBUG_INFO = YES;
				ONLY_ACTIVE_ARCH = YES;
				SDKROOT = iphoneos;
			};
			name = Debug;
		};
		C7AD47D1212697DA00B5D4E6 /* Release */ = {
			isa = XCBuildConfiguration;
			buildSettings = {
				ALWAYS_SEARCH_USER_PATHS = NO;
				CLANG_ANALYZER_NONNULL = YES;
				CLANG_ANALYZER_NUMBER_OBJECT_CONVERSION = YES_AGGRESSIVE;
				CLANG_CXX_LANGUAGE_STANDARD = "gnu++14";
				CLANG_CXX_LIBRARY = "libc++";
				CLANG_ENABLE_MODULES = YES;
				CLANG_ENABLE_OBJC_ARC = YES;
				CLANG_ENABLE_OBJC_WEAK = YES;
				CLANG_WARN_BLOCK_CAPTURE_AUTORELEASING = YES;
				CLANG_WARN_BOOL_CONVERSION = YES;
				CLANG_WARN_COMMA = YES;
				CLANG_WARN_CONSTANT_CONVERSION = YES;
				CLANG_WARN_DEPRECATED_OBJC_IMPLEMENTATIONS = YES;
				CLANG_WARN_DIRECT_OBJC_ISA_USAGE = YES_ERROR;
				CLANG_WARN_DOCUMENTATION_COMMENTS = YES;
				CLANG_WARN_EMPTY_BODY = YES;
				CLANG_WARN_ENUM_CONVERSION = YES;
				CLANG_WARN_INFINITE_RECURSION = YES;
				CLANG_WARN_INT_CONVERSION = YES;
				CLANG_WARN_NON_LITERAL_NULL_CONVERSION = YES;
				CLANG_WARN_OBJC_IMPLICIT_RETAIN_SELF = YES;
				CLANG_WARN_OBJC_LITERAL_CONVERSION = YES;
				CLANG_WARN_OBJC_ROOT_CLASS = YES_ERROR;
				CLANG_WARN_RANGE_LOOP_ANALYSIS = YES;
				CLANG_WARN_STRICT_PROTOTYPES = YES;
				CLANG_WARN_SUSPICIOUS_MOVE = YES;
				CLANG_WARN_UNGUARDED_AVAILABILITY = YES_AGGRESSIVE;
				CLANG_WARN_UNREACHABLE_CODE = YES;
				CLANG_WARN__DUPLICATE_METHOD_MATCH = YES;
				CODE_SIGN_IDENTITY = "iPhone Developer";
				COPY_PHASE_STRIP = NO;
				DEBUG_INFORMATION_FORMAT = "dwarf-with-dsym";
				ENABLE_NS_ASSERTIONS = NO;
				ENABLE_STRICT_OBJC_MSGSEND = YES;
				GCC_C_LANGUAGE_STANDARD = gnu11;
				GCC_NO_COMMON_BLOCKS = YES;
				GCC_WARN_64_TO_32_BIT_CONVERSION = YES;
				GCC_WARN_ABOUT_RETURN_TYPE = YES_ERROR;
				GCC_WARN_UNDECLARED_SELECTOR = YES;
				GCC_WARN_UNINITIALIZED_AUTOS = YES_AGGRESSIVE;
				GCC_WARN_UNUSED_FUNCTION = YES;
				GCC_WARN_UNUSED_VARIABLE = YES;
				IPHONEOS_DEPLOYMENT_TARGET = 11.4;
				MTL_ENABLE_DEBUG_INFO = NO;
				SDKROOT = iphoneos;
				VALIDATE_PRODUCT = YES;
			};
			name = Release;
		};
		C7AD47D3212697DA00B5D4E6 /* Debug */ = {
			isa = XCBuildConfiguration;
			buildSettings = {
				ASSETCATALOG_COMPILER_APPICON_NAME = AppIcon;
				CODE_SIGN_STYLE = Automatic;
				DEVELOPMENT_TEAM = TFBRG7ET9B;
				INFOPLIST_FILE = LNKeyBoardManager/Info.plist;
				LD_RUNPATH_SEARCH_PATHS = (
					"$(inherited)",
					"@executable_path/Frameworks",
				);
				PRODUCT_BUNDLE_IDENTIFIER = LN.LNKeyBoardManager;
				PRODUCT_NAME = "$(TARGET_NAME)";
				TARGETED_DEVICE_FAMILY = "1,2";
			};
			name = Debug;
		};
		C7AD47D4212697DA00B5D4E6 /* Release */ = {
			isa = XCBuildConfiguration;
			buildSettings = {
				ASSETCATALOG_COMPILER_APPICON_NAME = AppIcon;
				CODE_SIGN_STYLE = Automatic;
				DEVELOPMENT_TEAM = TFBRG7ET9B;
				INFOPLIST_FILE = LNKeyBoardManager/Info.plist;
				LD_RUNPATH_SEARCH_PATHS = (
					"$(inherited)",
					"@executable_path/Frameworks",
				);
				PRODUCT_BUNDLE_IDENTIFIER = LN.LNKeyBoardManager;
				PRODUCT_NAME = "$(TARGET_NAME)";
				TARGETED_DEVICE_FAMILY = "1,2";
			};
			name = Release;
		};
/* End XCBuildConfiguration section */

/* Begin XCConfigurationList section */
		C7AD47B7212697D800B5D4E6 /* Build configuration list for PBXProject "LNKeyBoardManager" */ = {
			isa = XCConfigurationList;
			buildConfigurations = (
				C7AD47D0212697DA00B5D4E6 /* Debug */,
				C7AD47D1212697DA00B5D4E6 /* Release */,
			);
			defaultConfigurationIsVisible = 0;
			defaultConfigurationName = Release;
		};
		C7AD47D2212697DA00B5D4E6 /* Build configuration list for PBXNativeTarget "LNKeyBoardManager" */ = {
			isa = XCConfigurationList;
			buildConfigurations = (
				C7AD47D3212697DA00B5D4E6 /* Debug */,
				C7AD47D4212697DA00B5D4E6 /* Release */,
			);
			defaultConfigurationIsVisible = 0;
			defaultConfigurationName = Release;
		};
/* End XCConfigurationList section */
	};
	rootObject = C7AD47B4212697D800B5D4E6 /* Project object */;
}
